
Microsoft Visual Studio Solution File, Format Version 12.00
# Visual Studio Version 16
VisualStudioVersion = 16.0.33801.447
MinimumVisualStudioVersion = 10.0.40219.1
Project("{8BC9CEB8-8B4A-11D0-8D11-00A0C91BC942}") = "intellibravs", "intellibravs.vcxproj", "{76329630-806F-4298-94F0-E6E958C7E75F}"
EndProject
Global
	GlobalSection(SolutionConfigurationPlatforms) = preSolution
		Debug|x64 = Debug|x64
		Debug|x86 = Debug|x86
		Release|x64 = Release|x64
		Release|x86 = Release|x86
	EndGlobalSection
	GlobalSection(ProjectConfigurationPlatforms) = postSolution
		{76329630-806F-4298-94F0-E6E958C7E75F}.Debug|x64.ActiveCfg = Debug|x64
		{76329630-806F-4298-94F0-E6E958C7E75F}.Debug|x64.Build.0 = Debug|x64
		{76329630-806F-4298-94F0-E6E958C7E75F}.Debug|x86.ActiveCfg = Debug|Win32
		{76329630-806F-4298-94F0-E6E958C7E75F}.Debug|x86.Build.0 = Debug|Win32
		{76329630-806F-4298-94F0-E6E958C7E75F}.Release|x64.ActiveCfg = Release|x64
		{76329630-806F-4298-94F0-E6E958C7E75F}.Release|x64.Build.0 = Release|x64
		{76329630-806F-4298-94F0-E6E958C7E75F}.Release|x86.ActiveCfg = Release|Win32
		{76329630-806F-4298-94F0-E6E958C7E75F}.Release|x86.Build.0 = Release|Win32
	EndGlobalSection
	GlobalSection(SolutionProperties) = preSolution
		HideSolutionNode = FALSE
	EndGlobalSection
	GlobalSection(ExtensibilityGlobals) = postSolution
		SolutionGuid = {F6F01C82-A243-489D-96F4-D24C5C0911DC}
	EndGlobalSection
EndGlobal
